
Microsoft Visual Studio Solution File, Format Version 12.00
# Visual Studio Version 16
VisualStudioVersion = 16.0.32630.194
MinimumVisualStudioVersion = 10.0.40219.1
Project("{FAE04EC0-301F-11D3-BF4B-00C04F79EFBC}") = "nouvil", "nouvil\nouvil.csproj", "{EA1AF192-BD40-4DC6-BBF2-40DC24D69870}"
EndProject
Global
	GlobalSection(SolutionConfigurationPlatforms) = preSolution
		Debug|Any CPU = Debug|Any CPU
		Release|Any CPU = Release|Any CPU
	EndGlobalSection
	GlobalSection(ProjectConfigurationPlatforms) = postSolution
		{EA1AF192-BD40-4DC6-BBF2-40DC24D69870}.Debug|Any CPU.ActiveCfg = Debug|Any CPU
		{EA1AF192-BD40-4DC6-BBF2-40DC24D69870}.Debug|Any CPU.Build.0 = Debug|Any CPU
		{EA1AF192-BD40-4DC6-BBF2-40DC24D69870}.Release|Any CPU.ActiveCfg = Release|Any CPU
		{EA1AF192-BD40-4DC6-BBF2-40DC24D69870}.Release|Any CPU.Build.0 = Release|Any CPU
	EndGlobalSection
	GlobalSection(SolutionProperties) = preSolution
		HideSolutionNode = FALSE
	EndGlobalSection
	GlobalSection(ExtensibilityGlobals) = postSolution
		SolutionGuid = {BE6C6B7A-FD6B-4CDB-B82D-10AA22A95E82}
	EndGlobalSection
EndGlobal
